{
  "name": "orf",
  "version": "1.0.0",
  "lockfileVersion": 1,
  "requires": true,
  "dependencies": {
    "ascli": {
      "version": "0.3.0",
      "resolved": "https://registry.npmjs.org/ascli/-/ascli-0.3.0.tgz",
      "integrity": "sha1-XmYjDlIZ/j6JUqTvtPIPrllqgTo=",
      "requires": {
        "colour": "0.7.1",
        "optjs": "3.2.2"
      }
    },
    "buffer-indexof": {
      "version": "1.1.1",
      "resolved": "https://registry.npmjs.org/buffer-indexof/-/buffer-indexof-1.1.1.tgz",
      "integrity": "sha512-4/rOEg86jivtPTeOUUT61jJO1Ya1TrR/OkqCSZDyq84WJh3LuuiphBYJN+fm5xufIk4XAFcEwte/8WzC8If/1g=="
    },
    "bufferview": {
      "version": "1.0.1",
      "resolved": "https://registry.npmjs.org/bufferview/-/bufferview-1.0.1.tgz",
      "integrity": "sha1-ev10pF+Tf6QiodM4wIu/3HbNcl0="
    },
    "bytebuffer": {
      "version": "3.5.5",
      "resolved": "https://registry.npmjs.org/bytebuffer/-/bytebuffer-3.5.5.tgz",
      "integrity": "sha1-em+vGhNRSwg/H8+VQcTJv75+f9M=",
      "requires": {
        "bufferview": "1.0.1",
        "long": "2.4.0"
      }
    },
    "castv2": {
      "version": "0.1.9",
      "resolved": "https://registry.npmjs.org/castv2/-/castv2-0.1.9.tgz",
      "integrity": "sha1-0LD6sf0GsNnMpjaIZxbsEpOlkFo=",
      "requires": {
        "debug": "2.6.9",
        "protobufjs": "3.8.2"
      }
    },
    "castv2-client": {
      "version": "1.2.0",
      "resolved": "https://registry.npmjs.org/castv2-client/-/castv2-client-1.2.0.tgz",
      "integrity": "sha1-qRk7GlRIuMuaBBW9AhyIEe17BUQ=",
      "requires": {
        "castv2": "0.1.9",
        "debug": "2.6.9"
      }
    },
    "chromecasts": {
      "version": "1.9.1",
      "resolved": "https://registry.npmjs.org/chromecasts/-/chromecasts-1.9.1.tgz",
      "integrity": "sha512-nsXv7ufgrpC8s5DUm6FJEa2XJ2VvE9FmbTVi6r4zGreTFTTSRSJjvqVEqLUFX/fGo/zbSre3zdoV+Pu9DGLz0A==",
      "requires": {
        "castv2-client": "1.2.0",
        "debug": "2.6.9",
        "dns-txt": "2.0.2",
        "mime": "1.4.1",
        "multicast-dns": "6.1.1",
        "node-ssdp": "2.9.1",
        "simple-get": "2.7.0",
        "thunky": "0.1.0",
        "xml2js": "0.4.19"
      }
    },
    "chunked-stream": {
      "version": "0.0.2",
      "resolved": "https://registry.npmjs.org/chunked-stream/-/chunked-stream-0.0.2.tgz",
      "integrity": "sha1-zPdQmNrb8Ls4/zB+EJWCeAUHk54="
    },
    "colour": {
      "version": "0.7.1",
      "resolved": "https://registry.npmjs.org/colour/-/colour-0.7.1.tgz",
      "integrity": "sha1-nLFpkX7F0SwHNtPoaFdG3xyt93g="
    },
    "debug": {
      "version": "2.6.9",
      "resolved": "https://registry.npmjs.org/debug/-/debug-2.6.9.tgz",
      "integrity": "sha512-bC7ElrdJaJnPbAP+1EotYvqZsb3ecl5wi6Bfi6BJTUcNowp6cvspg0jXznRTKDjm/E7AdgFBVeAPVMNcKGsHMA==",
      "requires": {
        "ms": "2.0.0"
      }
    },
    "decompress-response": {
      "version": "3.3.0",
      "resolved": "https://registry.npmjs.org/decompress-response/-/decompress-response-3.3.0.tgz",
      "integrity": "sha1-gKTdMjdIOEv6JICDYirt7Jgq3/M=",
      "requires": {
        "mimic-response": "1.0.0"
      }
    },
    "dns-packet": {
      "version": "1.2.2",
      "resolved": "https://registry.npmjs.org/dns-packet/-/dns-packet-1.2.2.tgz",
      "integrity": "sha512-kN+DjfGF7dJGUL7nWRktL9Z18t1rWP3aQlyZdY8XlpvU3Nc6GeFTQApftcjtWKxAZfiggZSGrCEoszNgvnpwDg==",
      "requires": {
        "ip": "1.1.5",
        "safe-buffer": "5.1.1"
      }
    },
    "dns-txt": {
      "version": "2.0.2",
      "resolved": "https://registry.npmjs.org/dns-txt/-/dns-txt-2.0.2.tgz",
      "integrity": "sha1-uR2Ab10nGI5Ks+fRB9iBocxGQrY=",
      "requires": {
        "buffer-indexof": "1.1.1"
      }
    },
    "ip": {
      "version": "1.1.5",
      "resolved": "https://registry.npmjs.org/ip/-/ip-1.1.5.tgz",
      "integrity": "sha1-vd7XARQpCCjAoDnnLvJfWq7ENUo="
    },
    "long": {
      "version": "2.4.0",
      "resolved": "https://registry.npmjs.org/long/-/long-2.4.0.tgz",
      "integrity": "sha1-n6GAux2VAM3CnEFWdmoZleH0Uk8="
    },
    "m3u8": {
      "version": "0.0.7",
      "resolved": "https://registry.npmjs.org/m3u8/-/m3u8-0.0.7.tgz",
      "integrity": "sha1-KGdc4ZiWBmWvo2NDXuB5t9YYJs0=",
      "requires": {
        "chunked-stream": "0.0.2"
      }
    },
    "mime": {
      "version": "1.4.1",
      "resolved": "https://registry.npmjs.org/mime/-/mime-1.4.1.tgz",
      "integrity": "sha512-KI1+qOZu5DcW6wayYHSzR/tXKCDC5Om4s1z2QJjDULzLcmf3DvzS7oluY4HCTrc+9FiKmWUgeNLg7W3uIQvxtQ=="
    },
    "mimic-response": {
      "version": "1.0.0",
      "resolved": "https://registry.npmjs.org/mimic-response/-/mimic-response-1.0.0.tgz",
      "integrity": "sha1-3z02Uqc/3ta5sLJBRub9BSNTRY4="
    },
    "ms": {
      "version": "2.0.0",
      "resolved": "https://registry.npmjs.org/ms/-/ms-2.0.0.tgz",
      "integrity": "sha1-VgiurfwAvmwpAd9fmGF4jeDVl8g="
    },
    "multicast-dns": {
      "version": "6.1.1",
      "resolved": "https://registry.npmjs.org/multicast-dns/-/multicast-dns-6.1.1.tgz",
      "integrity": "sha1-bn3oalcIcqsXBYrepxYLvsqBTd4=",
      "requires": {
        "dns-packet": "1.2.2",
        "thunky": "0.1.0"
      }
    },
    "node-ssdp": {
      "version": "2.9.1",
      "resolved": "https://registry.npmjs.org/node-ssdp/-/node-ssdp-2.9.1.tgz",
      "integrity": "sha1-LWuo5+/5v1szhWT5H3rF1c3dxVs=",
      "optional": true,
      "requires": {
        "debug": "2.6.9",
        "ip": "1.1.5"
      }
    },
    "once": {
      "version": "1.4.0",
      "resolved": "https://registry.npmjs.org/once/-/once-1.4.0.tgz",
      "integrity": "sha1-WDsap3WWHUsROsF9nFC6753Xa9E=",
      "requires": {
        "wrappy": "1.0.2"
      }
    },
    "optjs": {
      "version": "3.2.2",
      "resolved": "https://registry.npmjs.org/optjs/-/optjs-3.2.2.tgz",
      "integrity": "sha1-aabOicRCpEQDFBrS+bNwvVu29O4="
    },
    "protobufjs": {
      "version": "3.8.2",
      "resolved": "https://registry.npmjs.org/protobufjs/-/protobufjs-3.8.2.tgz",
      "integrity": "sha1-vIJuNMOvRpfo0K96Zp5NYSrtzRc=",
      "requires": {
        "ascli": "0.3.0",
        "bytebuffer": "3.5.5"
      }
    },
    "safe-buffer": {
      "version": "5.1.1",
      "resolved": "https://registry.npmjs.org/safe-buffer/-/safe-buffer-5.1.1.tgz",
      "integrity": "sha512-kKvNJn6Mm93gAczWVJg7wH+wGYWNrDHdWvpUmHyEsgCtIwwo3bqPtV4tR5tuPaUhTOo/kvhVwd8XwwOllGYkbg=="
    },
    "sax": {
      "version": "1.2.4",
      "resolved": "https://registry.npmjs.org/sax/-/sax-1.2.4.tgz",
      "integrity": "sha512-NqVDv9TpANUjFm0N8uM5GxL36UgKi9/atZw+x7YFnQ8ckwFGKrl4xX4yWtrey3UJm5nP1kUbnYgLopqWNSRhWw=="
    },
    "simple-concat": {
      "version": "1.0.0",
      "resolved": "https://registry.npmjs.org/simple-concat/-/simple-concat-1.0.0.tgz",
      "integrity": "sha1-c0TLuLbib7J9ZrL8hvn21Zl1IcY="
    },
    "simple-get": {
      "version": "2.7.0",
      "resolved": "https://registry.npmjs.org/simple-get/-/simple-get-2.7.0.tgz",
      "integrity": "sha512-RkE9rGPHcxYZ/baYmgJtOSM63vH0Vyq+ma5TijBcLla41SWlh8t6XYIGMR/oeZcmr+/G8k+zrClkkVrtnQ0esg==",
      "requires": {
        "decompress-response": "3.3.0",
        "once": "1.4.0",
        "simple-concat": "1.0.0"
      }
    },
    "thunky": {
      "version": "0.1.0",
      "resolved": "https://registry.npmjs.org/thunky/-/thunky-0.1.0.tgz",
      "integrity": "sha1-vzAUaCTituZ7Dy16Ssi+smkIaE4="
    },
    "wrappy": {
      "version": "1.0.2",
      "resolved": "https://registry.npmjs.org/wrappy/-/wrappy-1.0.2.tgz",
      "integrity": "sha1-tSQ9jz7BqjXxNkYFvA0QNuMKtp8="
    },
    "xml2js": {
      "version": "0.4.19",
      "resolved": "https://registry.npmjs.org/xml2js/-/xml2js-0.4.19.tgz",
      "integrity": "sha512-esZnJZJOiJR9wWKMyuvSE1y6Dq5LCuJanqhxslH2bxM6duahNZ+HMpCLhBQGZkbX6xRf8x1Y2eJlgt2q3qo49Q==",
      "requires": {
        "sax": "1.2.4",
        "xmlbuilder": "9.0.4"
      }
    },
    "xmlbuilder": {
      "version": "9.0.4",
      "resolved": "https://registry.npmjs.org/xmlbuilder/-/xmlbuilder-9.0.4.tgz",
      "integrity": "sha1-UZy0ymhtAFqEINNJbz8MruzKWA8="
    }
  }
}
